Microsoft Visual Studio Solution File, Format Version 10.00
# Visual Studio 2008
Project("{8BC9CEB8-8B4A-11D0-8D11-00A0C91BC942}") = "cv.jit.binedge", "Externals\cv.jit.binedge.vcproj", "{B225D27C-8F2F-46CB-9EAC-89BB9C972B76}"
EndProject
Project("{8BC9CEB8-8B4A-11D0-8D11-00A0C91BC942}") = "cv.jit.blobs.bounds", "Externals\cv.jit.blobs.bounds.vcproj", "{A064E4AA-67CE-415A-975D-EA0E795BF172}"
EndProject
Project("{8BC9CEB8-8B4A-11D0-8D11-00A0C91BC942}") = "cv.jit.blobs.centroids", "Externals\cv.jit.blobs.centroids.vcproj", "{7EEC9021-4226-4BB5-A389-3281904D2956}"
EndProject
Project("{8BC9CEB8-8B4A-11D0-8D11-00A0C91BC942}") = "cv.jit.blobs.direction", "Externals\cv.jit.blobs.direction.vcproj", "{1C4D727B-0CA5-4F0F-B334-6FD0A349F3A1}"
EndProject
Project("{8BC9CEB8-8B4A-11D0-8D11-00A0C91BC942}") = "cv.jit.blobs.elongation", "Externals\cv.jit.blobs.elongation.vcproj", "{F732AD51-49AF-4896-99E4-15F03612F2D4}"
EndProject
Project("{8BC9CEB8-8B4A-11D0-8D11-00A0C91BC942}") = "cv.jit.blobs.moments", "Externals\cv.jit.blobs.moments.vcproj", "{09DDA7AC-A901-4E0B-9385-177BD00DFAAE}"
EndProject
Project("{8BC9CEB8-8B4A-11D0-8D11-00A0C91BC942}") = "cv.jit.blobs.orientation", "Externals\cv.jit.blobs.orientation.vcproj", "{322D24E8-CADA-4E38-8EA9-EF522862C5C9}"
EndProject
Project("{8BC9CEB8-8B4A-11D0-8D11-00A0C91BC942}") = "cv.jit.blobs.recon", "Externals\cv.jit.blobs.recon.vcproj", "{BE6C966C-474C-44C0-AFC1-22E79358E52A}"
EndProject
Project("{8BC9CEB8-8B4A-11D0-8D11-00A0C91BC942}") = "cv.jit.blobs.sort", "Externals\cv.jit.blobs.sort.vcproj", "{6A5C760B-8DEC-463F-B797-E1740A3AA307}"
EndProject
Project("{8BC9CEB8-8B4A-11D0-8D11-00A0C91BC942}") = "cv.jit.canny", "Externals\cv.jit.canny.vcproj", "{3C74E5BD-7C09-428C-AC85-8CACDDE208AE}"
EndProject
Project("{8BC9CEB8-8B4A-11D0-8D11-00A0C91BC942}") = "cv.jit.centroids", "Externals\cv.jit.centroids.vcproj", "{132C69BE-D58F-4DD0-B74D-D43810BAC39F}"
EndProject
Project("{8BC9CEB8-8B4A-11D0-8D11-00A0C91BC942}") = "cv.jit.covariance", "Externals\cv.jit.covariance.vcproj", "{23322DA5-C5BA-47EA-BA10-8AE8D783C978}"
EndProject
Project("{8BC9CEB8-8B4A-11D0-8D11-00A0C91BC942}") = "cv.jit.dilate", "Externals\cv.jit.dilate.vcproj", "{CF66CBCC-66F8-4FCC-9B1E-F7204E6A48FB}"
EndProject
Project("{8BC9CEB8-8B4A-11D0-8D11-00A0C91BC942}") = "cv.jit.erode", "Externals\cv.jit.erode.vcproj", "{D5C66244-CF00-44F2-9EB3-7D40BF0DD310}"
EndProject
Project("{8BC9CEB8-8B4A-11D0-8D11-00A0C91BC942}") = "cv.jit.extrema", "Externals\cv.jit.extrema.vcproj", "{C2F5A2F9-EB60-44ED-B291-CCC412DB89E9}"
EndProject
Project("{8BC9CEB8-8B4A-11D0-8D11-00A0C91BC942}") = "cv.jit.faces", "Externals\cv.jit.faces.vcproj", "{135432A4-297E-41C2-9BA3-B249C66B38E9}"
EndProject
Project("{8BC9CEB8-8B4A-11D0-8D11-00A0C91BC942}") = "cv.jit.features", "Externals\cv.jit.features.vcproj", "{E9F5F209-5703-4ABE-9763-4B946D0CFB6E}"
EndProject
Project("{8BC9CEB8-8B4A-11D0-8D11-00A0C91BC942}") = "cv.jit.floodfill", "Externals\cv.jit.floodfill.vcproj", "{2F566146-0AA6-48AC-BAA0-1AC57C4D1AEE}"
EndProject
Project("{8BC9CEB8-8B4A-11D0-8D11-00A0C91BC942}") = "cv.jit.hough", "Externals\cv.jit.hough.vcproj", "{9871E1E8-D3EF-448D-92FF-44272FD7CF9B}"
EndProject
Project("{8BC9CEB8-8B4A-11D0-8D11-00A0C91BC942}") = "cv.jit.label", "Externals\cv.jit.label.vcproj", "{B1215C58-67D0-41D7-91EF-4E679B8E7FE0}"
EndProject
Project("{8BC9CEB8-8B4A-11D0-8D11-00A0C91BC942}") = "cv.jit.learn", "Externals\cv.jit.learn.vcproj", "{99D77100-1D25-4102-96CA-BF2821EE7274}"
EndProject
Project("{8BC9CEB8-8B4A-11D0-8D11-00A0C91BC942}") = "cv.jit.lines", "Externals\cv.jit.lines.vcproj", "{B1D89B43-9FDD-4A56-B4D7-9F96F590A805}"
EndProject
Project("{8BC9CEB8-8B4A-11D0-8D11-00A0C91BC942}") = "cv.jit.mass", "Externals\cv.jit.mass.vcproj", "{C86084B2-2BFB-48DD-A67B-1325DB1792DC}"
EndProject
Project("{8BC9CEB8-8B4A-11D0-8D11-00A0C91BC942}") = "cv.jit.mean", "Externals\cv.jit.mean.vcproj", "{802253D3-CB9E-4FBB-B98B-63109D192CE7}"
EndProject
Project("{8BC9CEB8-8B4A-11D0-8D11-00A0C91BC942}") = "cv.jit.moments", "Externals\cv.jit.moments.vcproj", "{D6F41931-B79A-46F5-B517-A4DF0C47E4D0}"
EndProject
Project("{8BC9CEB8-8B4A-11D0-8D11-00A0C91BC942}") = "cv.jit.ravg", "Externals\cv.jit.ravg.vcproj", "{BCCFD96C-D629-48EA-8008-E16C84ED7CEA}"
EndProject
Project("{8BC9CEB8-8B4A-11D0-8D11-00A0C91BC942}") = "cv.jit.resize", "Externals\cv.jit.resize.vcproj", "{353510B8-242D-49FB-AEA7-FB445B0D0E6C}"
EndProject
Project("{8BC9CEB8-8B4A-11D0-8D11-00A0C91BC942}") = "cv.jit.shift", "Externals\cv.jit.shift.vcproj", "{06CA60C1-8FD3-491B-9803-DF8B34616D98}"
EndProject
Project("{8BC9CEB8-8B4A-11D0-8D11-00A0C91BC942}") = "cv.jit.snake", "Externals\cv.jit.snake.vcproj", "{3CA40900-15F9-4E9D-B187-2261A9D80639}"
EndProject
Project("{8BC9CEB8-8B4A-11D0-8D11-00A0C91BC942}") = "cv.jit.sum", "Externals\cv.jit.sum.vcproj", "{DC1741D4-38FE-4C01-8432-0531998C343F}"
EndProject
Project("{8BC9CEB8-8B4A-11D0-8D11-00A0C91BC942}") = "cv.jit.track", "Externals\cv.jit.track.vcproj", "{3D750369-31B7-43D4-9B94-4BBBF1449920}"
EndProject
Project("{8BC9CEB8-8B4A-11D0-8D11-00A0C91BC942}") = "cv.jit.trackpoints", "Externals\cv.jit.trackpoints.vcproj", "{0A49B830-6F89-4794-9B72-BC1AC8058FF8}"
EndProject
Project("{8BC9CEB8-8B4A-11D0-8D11-00A0C91BC942}") = "cv.jit.hsflow", "Externals\cv.jit.hsflow.vcproj", "{2EED51AD-6A72-4814-916E-D5014C326428}"
EndProject
Project("{8BC9CEB8-8B4A-11D0-8D11-00A0C91BC942}") = "cv.jit.threshold", "Externals\cv.jit.threshold.vcproj", "{37F73AA2-313F-4813-9BE6-7530534E2FEB}"
EndProject
Project("{8BC9CEB8-8B4A-11D0-8D11-00A0C91BC942}") = "cv.jit.opticalflow", "Externals\cv.jit.opticalflow.vcproj", "{E52ACB07-EBCA-4526-A036-B4D6EB92B775}"
EndProject
Project("{8BC9CEB8-8B4A-11D0-8D11-00A0C91BC942}") = "cv.jit.lkflow", "Externals\cv.jit.lkflow.vcproj", "{9AE66E11-57C7-444E-973F-B32100EC0D4E}"
EndProject
Global
	GlobalSection(SolutionConfigurationPlatforms) = preSolution
		Debug|Win32 = Debug|Win32
		Release|Win32 = Release|Win32
	EndGlobalSection
	GlobalSection(ProjectConfigurationPlatforms) = postSolution
		{B225D27C-8F2F-46CB-9EAC-89BB9C972B76}.Debug|Win32.ActiveCfg = Debug|Win32
		{B225D27C-8F2F-46CB-9EAC-89BB9C972B76}.Debug|Win32.Build.0 = Debug|Win32
		{B225D27C-8F2F-46CB-9EAC-89BB9C972B76}.Release|Win32.ActiveCfg = Release|Win32
		{B225D27C-8F2F-46CB-9EAC-89BB9C972B76}.Release|Win32.Build.0 = Release|Win32
		{A064E4AA-67CE-415A-975D-EA0E795BF172}.Debug|Win32.ActiveCfg = Debug|Win32
		{A064E4AA-67CE-415A-975D-EA0E795BF172}.Debug|Win32.Build.0 = Debug|Win32
		{A064E4AA-67CE-415A-975D-EA0E795BF172}.Release|Win32.ActiveCfg = Release|Win32
		{A064E4AA-67CE-415A-975D-EA0E795BF172}.Release|Win32.Build.0 = Release|Win32
		{7EEC9021-4226-4BB5-A389-3281904D2956}.Debug|Win32.ActiveCfg = Debug|Win32
		{7EEC9021-4226-4BB5-A389-3281904D2956}.Debug|Win32.Build.0 = Debug|Win32
		{7EEC9021-4226-4BB5-A389-3281904D2956}.Release|Win32.ActiveCfg = Release|Win32
		{7EEC9021-4226-4BB5-A389-3281904D2956}.Release|Win32.Build.0 = Release|Win32
		{1C4D727B-0CA5-4F0F-B334-6FD0A349F3A1}.Debug|Win32.ActiveCfg = Debug|Win32
		{1C4D727B-0CA5-4F0F-B334-6FD0A349F3A1}.Debug|Win32.Build.0 = Debug|Win32
		{1C4D727B-0CA5-4F0F-B334-6FD0A349F3A1}.Release|Win32.ActiveCfg = Release|Win32
		{1C4D727B-0CA5-4F0F-B334-6FD0A349F3A1}.Release|Win32.Build.0 = Release|Win32
		{F732AD51-49AF-4896-99E4-15F03612F2D4}.Debug|Win32.ActiveCfg = Debug|Win32
		{F732AD51-49AF-4896-99E4-15F03612F2D4}.Debug|Win32.Build.0 = Debug|Win32
		{F732AD51-49AF-4896-99E4-15F03612F2D4}.Release|Win32.ActiveCfg = Release|Win32
		{F732AD51-49AF-4896-99E4-15F03612F2D4}.Release|Win32.Build.0 = Release|Win32
		{09DDA7AC-A901-4E0B-9385-177BD00DFAAE}.Debug|Win32.ActiveCfg = Debug|Win32
		{09DDA7AC-A901-4E0B-9385-177BD00DFAAE}.Debug|Win32.Build.0 = Debug|Win32
		{09DDA7AC-A901-4E0B-9385-177BD00DFAAE}.Release|Win32.ActiveCfg = Release|Win32
		{09DDA7AC-A901-4E0B-9385-177BD00DFAAE}.Release|Win32.Build.0 = Release|Win32
		{322D24E8-CADA-4E38-8EA9-EF522862C5C9}.Debug|Win32.ActiveCfg = Debug|Win32
		{322D24E8-CADA-4E38-8EA9-EF522862C5C9}.Debug|Win32.Build.0 = Debug|Win32
		{322D24E8-CADA-4E38-8EA9-EF522862C5C9}.Release|Win32.ActiveCfg = Release|Win32
		{322D24E8-CADA-4E38-8EA9-EF522862C5C9}.Release|Win32.Build.0 = Release|Win32
		{BE6C966C-474C-44C0-AFC1-22E79358E52A}.Debug|Win32.ActiveCfg = Debug|Win32
		{BE6C966C-474C-44C0-AFC1-22E79358E52A}.Debug|Win32.Build.0 = Debug|Win32
		{BE6C966C-474C-44C0-AFC1-22E79358E52A}.Release|Win32.ActiveCfg = Release|Win32
		{BE6C966C-474C-44C0-AFC1-22E79358E52A}.Release|Win32.Build.0 = Release|Win32
		{6A5C760B-8DEC-463F-B797-E1740A3AA307}.Debug|Win32.ActiveCfg = Debug|Win32
		{6A5C760B-8DEC-463F-B797-E1740A3AA307}.Debug|Win32.Build.0 = Debug|Win32
		{6A5C760B-8DEC-463F-B797-E1740A3AA307}.Release|Win32.ActiveCfg = Release|Win32
		{6A5C760B-8DEC-463F-B797-E1740A3AA307}.Release|Win32.Build.0 = Release|Win32
		{3C74E5BD-7C09-428C-AC85-8CACDDE208AE}.Debug|Win32.ActiveCfg = Debug|Win32
		{3C74E5BD-7C09-428C-AC85-8CACDDE208AE}.Debug|Win32.Build.0 = Debug|Win32
		{3C74E5BD-7C09-428C-AC85-8CACDDE208AE}.Release|Win32.ActiveCfg = Release|Win32
		{3C74E5BD-7C09-428C-AC85-8CACDDE208AE}.Release|Win32.Build.0 = Release|Win32
		{132C69BE-D58F-4DD0-B74D-D43810BAC39F}.Debug|Win32.ActiveCfg = Debug|Win32
		{132C69BE-D58F-4DD0-B74D-D43810BAC39F}.Debug|Win32.Build.0 = Debug|Win32
		{132C69BE-D58F-4DD0-B74D-D43810BAC39F}.Release|Win32.ActiveCfg = Release|Win32
		{132C69BE-D58F-4DD0-B74D-D43810BAC39F}.Release|Win32.Build.0 = Release|Win32
		{23322DA5-C5BA-47EA-BA10-8AE8D783C978}.Debug|Win32.ActiveCfg = Debug|Win32
		{23322DA5-C5BA-47EA-BA10-8AE8D783C978}.Debug|Win32.Build.0 = Debug|Win32
		{23322DA5-C5BA-47EA-BA10-8AE8D783C978}.Release|Win32.ActiveCfg = Release|Win32
		{23322DA5-C5BA-47EA-BA10-8AE8D783C978}.Release|Win32.Build.0 = Release|Win32
		{CF66CBCC-66F8-4FCC-9B1E-F7204E6A48FB}.Debug|Win32.ActiveCfg = Debug|Win32
		{CF66CBCC-66F8-4FCC-9B1E-F7204E6A48FB}.Debug|Win32.Build.0 = Debug|Win32
		{CF66CBCC-66F8-4FCC-9B1E-F7204E6A48FB}.Release|Win32.ActiveCfg = Release|Win32
		{CF66CBCC-66F8-4FCC-9B1E-F7204E6A48FB}.Release|Win32.Build.0 = Release|Win32
		{D5C66244-CF00-44F2-9EB3-7D40BF0DD310}.Debug|Win32.ActiveCfg = Debug|Win32
		{D5C66244-CF00-44F2-9EB3-7D40BF0DD310}.Debug|Win32.Build.0 = Debug|Win32
		{D5C66244-CF00-44F2-9EB3-7D40BF0DD310}.Release|Win32.ActiveCfg = Release|Win32
		{D5C66244-CF00-44F2-9EB3-7D40BF0DD310}.Release|Win32.Build.0 = Release|Win32
		{C2F5A2F9-EB60-44ED-B291-CCC412DB89E9}.Debug|Win32.ActiveCfg = Debug|Win32
		{C2F5A2F9-EB60-44ED-B291-CCC412DB89E9}.Debug|Win32.Build.0 = Debug|Win32
		{C2F5A2F9-EB60-44ED-B291-CCC412DB89E9}.Release|Win32.ActiveCfg = Release|Win32
		{C2F5A2F9-EB60-44ED-B291-CCC412DB89E9}.Release|Win32.Build.0 = Release|Win32
		{135432A4-297E-41C2-9BA3-B249C66B38E9}.Debug|Win32.ActiveCfg = Debug|Win32
		{135432A4-297E-41C2-9BA3-B249C66B38E9}.Debug|Win32.Build.0 = Debug|Win32
		{135432A4-297E-41C2-9BA3-B249C66B38E9}.Release|Win32.ActiveCfg = Release|Win32
		{135432A4-297E-41C2-9BA3-B249C66B38E9}.Release|Win32.Build.0 = Release|Win32
		{E9F5F209-5703-4ABE-9763-4B946D0CFB6E}.Debug|Win32.ActiveCfg = Debug|Win32
		{E9F5F209-5703-4ABE-9763-4B946D0CFB6E}.Debug|Win32.Build.0 = Debug|Win32
		{E9F5F209-5703-4ABE-9763-4B946D0CFB6E}.Release|Win32.ActiveCfg = Release|Win32
		{E9F5F209-5703-4ABE-9763-4B946D0CFB6E}.Release|Win32.Build.0 = Release|Win32
		{2F566146-0AA6-48AC-BAA0-1AC57C4D1AEE}.Debug|Win32.ActiveCfg = Debug|Win32
		{2F566146-0AA6-48AC-BAA0-1AC57C4D1AEE}.Debug|Win32.Build.0 = Debug|Win32
		{2F566146-0AA6-48AC-BAA0-1AC57C4D1AEE}.Release|Win32.ActiveCfg = Release|Win32
		{2F566146-0AA6-48AC-BAA0-1AC57C4D1AEE}.Release|Win32.Build.0 = Release|Win32
		{9871E1E8-D3EF-448D-92FF-44272FD7CF9B}.Debug|Win32.ActiveCfg = Debug|Win32
		{9871E1E8-D3EF-448D-92FF-44272FD7CF9B}.Debug|Win32.Build.0 = Debug|Win32
		{9871E1E8-D3EF-448D-92FF-44272FD7CF9B}.Release|Win32.ActiveCfg = Release|Win32
		{9871E1E8-D3EF-448D-92FF-44272FD7CF9B}.Release|Win32.Build.0 = Release|Win32
		{B1215C58-67D0-41D7-91EF-4E679B8E7FE0}.Debug|Win32.ActiveCfg = Debug|Win32
		{B1215C58-67D0-41D7-91EF-4E679B8E7FE0}.Debug|Win32.Build.0 = Debug|Win32
		{B1215C58-67D0-41D7-91EF-4E679B8E7FE0}.Release|Win32.ActiveCfg = Release|Win32
		{B1215C58-67D0-41D7-91EF-4E679B8E7FE0}.Release|Win32.Build.0 = Release|Win32
		{99D77100-1D25-4102-96CA-BF2821EE7274}.Debug|Win32.ActiveCfg = Debug|Win32
		{99D77100-1D25-4102-96CA-BF2821EE7274}.Debug|Win32.Build.0 = Debug|Win32
		{99D77100-1D25-4102-96CA-BF2821EE7274}.Release|Win32.ActiveCfg = Release|Win32
		{99D77100-1D25-4102-96CA-BF2821EE7274}.Release|Win32.Build.0 = Release|Win32
		{B1D89B43-9FDD-4A56-B4D7-9F96F590A805}.Debug|Win32.ActiveCfg = Debug|Win32
		{B1D89B43-9FDD-4A56-B4D7-9F96F590A805}.Debug|Win32.Build.0 = Debug|Win32
		{B1D89B43-9FDD-4A56-B4D7-9F96F590A805}.Release|Win32.ActiveCfg = Release|Win32
		{B1D89B43-9FDD-4A56-B4D7-9F96F590A805}.Release|Win32.Build.0 = Release|Win32
		{C86084B2-2BFB-48DD-A67B-1325DB1792DC}.Debug|Win32.ActiveCfg = Debug|Win32
		{C86084B2-2BFB-48DD-A67B-1325DB1792DC}.Debug|Win32.Build.0 = Debug|Win32
		{C86084B2-2BFB-48DD-A67B-1325DB1792DC}.Release|Win32.ActiveCfg = Release|Win32
		{C86084B2-2BFB-48DD-A67B-1325DB1792DC}.Release|Win32.Build.0 = Release|Win32
		{802253D3-CB9E-4FBB-B98B-63109D192CE7}.Debug|Win32.ActiveCfg = Debug|Win32
		{802253D3-CB9E-4FBB-B98B-63109D192CE7}.Debug|Win32.Build.0 = Debug|Win32
		{802253D3-CB9E-4FBB-B98B-63109D192CE7}.Release|Win32.ActiveCfg = Release|Win32
		{802253D3-CB9E-4FBB-B98B-63109D192CE7}.Release|Win32.Build.0 = Release|Win32
		{D6F41931-B79A-46F5-B517-A4DF0C47E4D0}.Debug|Win32.ActiveCfg = Debug|Win32
		{D6F41931-B79A-46F5-B517-A4DF0C47E4D0}.Debug|Win32.Build.0 = Debug|Win32
		{D6F41931-B79A-46F5-B517-A4DF0C47E4D0}.Release|Win32.ActiveCfg = Release|Win32
		{D6F41931-B79A-46F5-B517-A4DF0C47E4D0}.Release|Win32.Build.0 = Release|Win32
		{BCCFD96C-D629-48EA-8008-E16C84ED7CEA}.Debug|Win32.ActiveCfg = Debug|Win32
		{BCCFD96C-D629-48EA-8008-E16C84ED7CEA}.Debug|Win32.Build.0 = Debug|Win32
		{BCCFD96C-D629-48EA-8008-E16C84ED7CEA}.Release|Win32.ActiveCfg = Release|Win32
		{BCCFD96C-D629-48EA-8008-E16C84ED7CEA}.Release|Win32.Build.0 = Release|Win32
		{353510B8-242D-49FB-AEA7-FB445B0D0E6C}.Debug|Win32.ActiveCfg = Debug|Win32
		{353510B8-242D-49FB-AEA7-FB445B0D0E6C}.Debug|Win32.Build.0 = Debug|Win32
		{353510B8-242D-49FB-AEA7-FB445B0D0E6C}.Release|Win32.ActiveCfg = Release|Win32
		{353510B8-242D-49FB-AEA7-FB445B0D0E6C}.Release|Win32.Build.0 = Release|Win32
		{06CA60C1-8FD3-491B-9803-DF8B34616D98}.Debug|Win32.ActiveCfg = Debug|Win32
		{06CA60C1-8FD3-491B-9803-DF8B34616D98}.Debug|Win32.Build.0 = Debug|Win32
		{06CA60C1-8FD3-491B-9803-DF8B34616D98}.Release|Win32.ActiveCfg = Release|Win32
		{06CA60C1-8FD3-491B-9803-DF8B34616D98}.Release|Win32.Build.0 = Release|Win32
		{3CA40900-15F9-4E9D-B187-2261A9D80639}.Debug|Win32.ActiveCfg = Debug|Win32
		{3CA40900-15F9-4E9D-B187-2261A9D80639}.Debug|Win32.Build.0 = Debug|Win32
		{3CA40900-15F9-4E9D-B187-2261A9D80639}.Release|Win32.ActiveCfg = Release|Win32
		{3CA40900-15F9-4E9D-B187-2261A9D80639}.Release|Win32.Build.0 = Release|Win32
		{DC1741D4-38FE-4C01-8432-0531998C343F}.Debug|Win32.ActiveCfg = Debug|Win32
		{DC1741D4-38FE-4C01-8432-0531998C343F}.Debug|Win32.Build.0 = Debug|Win32
		{DC1741D4-38FE-4C01-8432-0531998C343F}.Release|Win32.ActiveCfg = Release|Win32
		{DC1741D4-38FE-4C01-8432-0531998C343F}.Release|Win32.Build.0 = Release|Win32
		{3D750369-31B7-43D4-9B94-4BBBF1449920}.Debug|Win32.ActiveCfg = Debug|Win32
		{3D750369-31B7-43D4-9B94-4BBBF1449920}.Debug|Win32.Build.0 = Debug|Win32
		{3D750369-31B7-43D4-9B94-4BBBF1449920}.Release|Win32.ActiveCfg = Release|Win32
		{3D750369-31B7-43D4-9B94-4BBBF1449920}.Release|Win32.Build.0 = Release|Win32
		{0A49B830-6F89-4794-9B72-BC1AC8058FF8}.Debug|Win32.ActiveCfg = Debug|Win32
		{0A49B830-6F89-4794-9B72-BC1AC8058FF8}.Debug|Win32.Build.0 = Debug|Win32
		{0A49B830-6F89-4794-9B72-BC1AC8058FF8}.Release|Win32.ActiveCfg = Release|Win32
		{0A49B830-6F89-4794-9B72-BC1AC8058FF8}.Release|Win32.Build.0 = Release|Win32
		{2EED51AD-6A72-4814-916E-D5014C326428}.Debug|Win32.ActiveCfg = Debug|Win32
		{2EED51AD-6A72-4814-916E-D5014C326428}.Debug|Win32.Build.0 = Debug|Win32
		{2EED51AD-6A72-4814-916E-D5014C326428}.Release|Win32.ActiveCfg = Release|Win32
		{2EED51AD-6A72-4814-916E-D5014C326428}.Release|Win32.Build.0 = Release|Win32
		{37F73AA2-313F-4813-9BE6-7530534E2FEB}.Debug|Win32.ActiveCfg = Debug|Win32
		{37F73AA2-313F-4813-9BE6-7530534E2FEB}.Debug|Win32.Build.0 = Debug|Win32
		{37F73AA2-313F-4813-9BE6-7530534E2FEB}.Release|Win32.ActiveCfg = Release|Win32
		{37F73AA2-313F-4813-9BE6-7530534E2FEB}.Release|Win32.Build.0 = Release|Win32
		{E52ACB07-EBCA-4526-A036-B4D6EB92B775}.Debug|Win32.ActiveCfg = Debug|Win32
		{E52ACB07-EBCA-4526-A036-B4D6EB92B775}.Debug|Win32.Build.0 = Debug|Win32
		{E52ACB07-EBCA-4526-A036-B4D6EB92B775}.Release|Win32.ActiveCfg = Release|Win32
		{E52ACB07-EBCA-4526-A036-B4D6EB92B775}.Release|Win32.Build.0 = Release|Win32
		{9AE66E11-57C7-444E-973F-B32100EC0D4E}.Debug|Win32.ActiveCfg = Debug|Win32
		{9AE66E11-57C7-444E-973F-B32100EC0D4E}.Debug|Win32.Build.0 = Debug|Win32
		{9AE66E11-57C7-444E-973F-B32100EC0D4E}.Release|Win32.ActiveCfg = Release|Win32
		{9AE66E11-57C7-444E-973F-B32100EC0D4E}.Release|Win32.Build.0 = Release|Win32
	EndGlobalSection
	GlobalSection(SolutionProperties) = preSolution
		HideSolutionNode = FALSE
	EndGlobalSection
EndGlobal
